
Microsoft Visual Studio Solution File, Format Version 12.00
# Visual Studio 15
VisualStudioVersion = 15.0.27130.2010
MinimumVisualStudioVersion = 10.0.40219.1
Project("{FAE04EC0-301F-11D3-BF4B-00C04F79EFBC}") = "TravelRecordApp.Android", "TravelRecordApp\TravelRecordApp.Android\TravelRecordApp.Android.csproj", "{81F9CFF6-30BF-4CE1-9D50-E84EFEB9640D}"
EndProject
Project("{FAE04EC0-301F-11D3-BF4B-00C04F79EFBC}") = "TravelRecordApp.iOS", "TravelRecordApp\TravelRecordApp.iOS\TravelRecordApp.iOS.csproj", "{977FA3B6-3B51-4E8C-A093-AC179A0ACD8C}"
EndProject
Project("{FAE04EC0-301F-11D3-BF4B-00C04F79EFBC}") = "TravelRecordApp.UWP", "TravelRecordApp\TravelRecordApp.UWP\TravelRecordApp.UWP.csproj", "{065FBFBB-FBFC-43DC-9F7F-3C91535E7803}"
EndProject
Project("{FAE04EC0-301F-11D3-BF4B-00C04F79EFBC}") = "TravelRecordApp", "TravelRecordApp\TravelRecordApp\TravelRecordApp.csproj", "{F470C237-F4D3-4F7C-BF50-E92B3242B329}"
EndProject
Global
	GlobalSection(SolutionConfigurationPlatforms) = preSolution
		Ad-Hoc|Any CPU = Ad-Hoc|Any CPU
		Ad-Hoc|ARM = Ad-Hoc|ARM
		Ad-Hoc|iPhone = Ad-Hoc|iPhone
		Ad-Hoc|iPhoneSimulator = Ad-Hoc|iPhoneSimulator
		Ad-Hoc|x64 = Ad-Hoc|x64
		Ad-Hoc|x86 = Ad-Hoc|x86
		AppStore|Any CPU = AppStore|Any CPU
		AppStore|ARM = AppStore|ARM
		AppStore|iPhone = AppStore|iPhone
		AppStore|iPhoneSimulator = AppStore|iPhoneSimulator
		AppStore|x64 = AppStore|x64
		AppStore|x86 = AppStore|x86
		Debug|Any CPU = Debug|Any CPU
		Debug|ARM = Debug|ARM
		Debug|iPhone = Debug|iPhone
		Debug|iPhoneSimulator = Debug|iPhoneSimulator
		Debug|x64 = Debug|x64
		Debug|x86 = Debug|x86
		Release|Any CPU = Release|Any CPU
		Release|ARM = Release|ARM
		Release|iPhone = Release|iPhone
		Release|iPhoneSimulator = Release|iPhoneSimulator
		Release|x64 = Release|x64
		Release|x86 = Release|x86
	EndGlobalSection
	GlobalSection(ProjectConfigurationPlatforms) = postSolution
		{81F9CFF6-30BF-4CE1-9D50-E84EFEB9640D}.Ad-Hoc|Any CPU.ActiveCfg = Release|Any CPU
		{81F9CFF6-30BF-4CE1-9D50-E84EFEB9640D}.Ad-Hoc|Any CPU.Build.0 = Release|Any CPU
		{81F9CFF6-30BF-4CE1-9D50-E84EFEB9640D}.Ad-Hoc|Any CPU.Deploy.0 = Release|Any CPU
		{81F9CFF6-30BF-4CE1-9D50-E84EFEB9640D}.Ad-Hoc|ARM.ActiveCfg = Release|Any CPU
		{81F9CFF6-30BF-4CE1-9D50-E84EFEB9640D}.Ad-Hoc|ARM.Build.0 = Release|Any CPU
		{81F9CFF6-30BF-4CE1-9D50-E84EFEB9640D}.Ad-Hoc|ARM.Deploy.0 = Release|Any CPU
		{81F9CFF6-30BF-4CE1-9D50-E84EFEB9640D}.Ad-Hoc|iPhone.ActiveCfg = Release|Any CPU
		{81F9CFF6-30BF-4CE1-9D50-E84EFEB9640D}.Ad-Hoc|iPhone.Build.0 = Release|Any CPU
		{81F9CFF6-30BF-4CE1-9D50-E84EFEB9640D}.Ad-Hoc|iPhone.Deploy.0 = Release|Any CPU
		{81F9CFF6-30BF-4CE1-9D50-E84EFEB9640D}.Ad-Hoc|iPhoneSimulator.ActiveCfg = Release|Any CPU
		{81F9CFF6-30BF-4CE1-9D50-E84EFEB9640D}.Ad-Hoc|iPhoneSimulator.Build.0 = Release|Any CPU
		{81F9CFF6-30BF-4CE1-9D50-E84EFEB9640D}.Ad-Hoc|iPhoneSimulator.Deploy.0 = Release|Any CPU
		{81F9CFF6-30BF-4CE1-9D50-E84EFEB9640D}.Ad-Hoc|x64.ActiveCfg = Release|Any CPU
		{81F9CFF6-30BF-4CE1-9D50-E84EFEB9640D}.Ad-Hoc|x64.Build.0 = Release|Any CPU
		{81F9CFF6-30BF-4CE1-9D50-E84EFEB9640D}.Ad-Hoc|x64.Deploy.0 = Release|Any CPU
		{81F9CFF6-30BF-4CE1-9D50-E84EFEB9640D}.Ad-Hoc|x86.ActiveCfg = Release|Any CPU
		{81F9CFF6-30BF-4CE1-9D50-E84EFEB9640D}.Ad-Hoc|x86.Build.0 = Release|Any CPU
		{81F9CFF6-30BF-4CE1-9D50-E84EFEB9640D}.Ad-Hoc|x86.Deploy.0 = Release|Any CPU
		{81F9CFF6-30BF-4CE1-9D50-E84EFEB9640D}.AppStore|Any CPU.ActiveCfg = Release|Any CPU
		{81F9CFF6-30BF-4CE1-9D50-E84EFEB9640D}.AppStore|Any CPU.Build.0 = Release|Any CPU
		{81F9CFF6-30BF-4CE1-9D50-E84EFEB9640D}.AppStore|Any CPU.Deploy.0 = Release|Any CPU
		{81F9CFF6-30BF-4CE1-9D50-E84EFEB9640D}.AppStore|ARM.ActiveCfg = Release|Any CPU
		{81F9CFF6-30BF-4CE1-9D50-E84EFEB9640D}.AppStore|ARM.Build.0 = Release|Any CPU
		{81F9CFF6-30BF-4CE1-9D50-E84EFEB9640D}.AppStore|ARM.Deploy.0 = Release|Any CPU
		{81F9CFF6-30BF-4CE1-9D50-E84EFEB9640D}.AppStore|iPhone.ActiveCfg = Release|Any CPU
		{81F9CFF6-30BF-4CE1-9D50-E84EFEB9640D}.AppStore|iPhone.Build.0 = Release|Any CPU
		{81F9CFF6-30BF-4CE1-9D50-E84EFEB9640D}.AppStore|iPhone.Deploy.0 = Release|Any CPU
		{81F9CFF6-30BF-4CE1-9D50-E84EFEB9640D}.AppStore|iPhoneSimulator.ActiveCfg = Release|Any CPU
		{81F9CFF6-30BF-4CE1-9D50-E84EFEB9640D}.AppStore|iPhoneSimulator.Build.0 = Release|Any CPU
		{81F9CFF6-30BF-4CE1-9D50-E84EFEB9640D}.AppStore|iPhoneSimulator.Deploy.0 = Release|Any CPU
		{81F9CFF6-30BF-4CE1-9D50-E84EFEB9640D}.AppStore|x64.ActiveCfg = Release|Any CPU
		{81F9CFF6-30BF-4CE1-9D50-E84EFEB9640D}.AppStore|x64.Build.0 = Release|Any CPU
		{81F9CFF6-30BF-4CE1-9D50-E84EFEB9640D}.AppStore|x64.Deploy.0 = Release|Any CPU
		{81F9CFF6-30BF-4CE1-9D50-E84EFEB9640D}.AppStore|x86.ActiveCfg = Release|Any CPU
		{81F9CFF6-30BF-4CE1-9D50-E84EFEB9640D}.AppStore|x86.Build.0 = Release|Any CPU
		{81F9CFF6-30BF-4CE1-9D50-E84EFEB9640D}.AppStore|x86.Deploy.0 = Release|Any CPU
		{81F9CFF6-30BF-4CE1-9D50-E84EFEB9640D}.Debug|Any CPU.ActiveCfg = Debug|Any CPU
		{81F9CFF6-30BF-4CE1-9D50-E84EFEB9640D}.Debug|Any CPU.Build.0 = Debug|Any CPU
		{81F9CFF6-30BF-4CE1-9D50-E84EFEB9640D}.Debug|Any CPU.Deploy.0 = Debug|Any CPU
		{81F9CFF6-30BF-4CE1-9D50-E84EFEB9640D}.Debug|ARM.ActiveCfg = Debug|Any CPU
		{81F9CFF6-30BF-4CE1-9D50-E84EFEB9640D}.Debug|ARM.Build.0 = Debug|Any CPU
		{81F9CFF6-30BF-4CE1-9D50-E84EFEB9640D}.Debug|ARM.Deploy.0 = Debug|Any CPU
		{81F9CFF6-30BF-4CE1-9D50-E84EFEB9640D}.Debug|iPhone.ActiveCfg = Debug|Any CPU
		{81F9CFF6-30BF-4CE1-9D50-E84EFEB9640D}.Debug|iPhone.Build.0 = Debug|Any CPU
		{81F9CFF6-30BF-4CE1-9D50-E84EFEB9640D}.Debug|iPhone.Deploy.0 = Debug|Any CPU
		{81F9CFF6-30BF-4CE1-9D50-E84EFEB9640D}.Debug|iPhoneSimulator.ActiveCfg = Debug|Any CPU
		{81F9CFF6-30BF-4CE1-9D50-E84EFEB9640D}.Debug|iPhoneSimulator.Build.0 = Debug|Any CPU
		{81F9CFF6-30BF-4CE1-9D50-E84EFEB9640D}.Debug|iPhoneSimulator.Deploy.0 = Debug|Any CPU
		{81F9CFF6-30BF-4CE1-9D50-E84EFEB9640D}.Debug|x64.ActiveCfg = Debug|Any CPU
		{81F9CFF6-30BF-4CE1-9D50-E84EFEB9640D}.Debug|x64.Build.0 = Debug|Any CPU
		{81F9CFF6-30BF-4CE1-9D50-E84EFEB9640D}.Debug|x64.Deploy.0 = Debug|Any CPU
		{81F9CFF6-30BF-4CE1-9D50-E84EFEB9640D}.Debug|x86.ActiveCfg = Debug|Any CPU
		{81F9CFF6-30BF-4CE1-9D50-E84EFEB9640D}.Debug|x86.Build.0 = Debug|Any CPU
		{81F9CFF6-30BF-4CE1-9D50-E84EFEB9640D}.Debug|x86.Deploy.0 = Debug|Any CPU
		{81F9CFF6-30BF-4CE1-9D50-E84EFEB9640D}.Release|Any CPU.ActiveCfg = Release|Any CPU
		{81F9CFF6-30BF-4CE1-9D50-E84EFEB9640D}.Release|Any CPU.Build.0 = Release|Any CPU
		{81F9CFF6-30BF-4CE1-9D50-E84EFEB9640D}.Release|Any CPU.Deploy.0 = Release|Any CPU
		{81F9CFF6-30BF-4CE1-9D50-E84EFEB9640D}.Release|ARM.ActiveCfg = Release|Any CPU
		{81F9CFF6-30BF-4CE1-9D50-E84EFEB9640D}.Release|ARM.Build.0 = Release|Any CPU
		{81F9CFF6-30BF-4CE1-9D50-E84EFEB9640D}.Release|ARM.Deploy.0 = Release|Any CPU
		{81F9CFF6-30BF-4CE1-9D50-E84EFEB9640D}.Release|iPhone.ActiveCfg = Release|Any CPU
		{81F9CFF6-30BF-4CE1-9D50-E84EFEB9640D}.Release|iPhone.Build.0 = Release|Any CPU
		{81F9CFF6-30BF-4CE1-9D50-E84EFEB9640D}.Release|iPhone.Deploy.0 = Release|Any CPU
		{81F9CFF6-30BF-4CE1-9D50-E84EFEB9640D}.Release|iPhoneSimulator.ActiveCfg = Release|Any CPU
		{81F9CFF6-30BF-4CE1-9D50-E84EFEB9640D}.Release|iPhoneSimulator.Build.0 = Release|Any CPU
		{81F9CFF6-30BF-4CE1-9D50-E84EFEB9640D}.Release|iPhoneSimulator.Deploy.0 = Release|Any CPU
		{81F9CFF6-30BF-4CE1-9D50-E84EFEB9640D}.Release|x64.ActiveCfg = Release|Any CPU
		{81F9CFF6-30BF-4CE1-9D50-E84EFEB9640D}.Release|x64.Build.0 = Release|Any CPU
		{81F9CFF6-30BF-4CE1-9D50-E84EFEB9640D}.Release|x64.Deploy.0 = Release|Any CPU
		{81F9CFF6-30BF-4CE1-9D50-E84EFEB9640D}.Release|x86.ActiveCfg = Release|Any CPU
		{81F9CFF6-30BF-4CE1-9D50-E84EFEB9640D}.Release|x86.Build.0 = Release|Any CPU
		{81F9CFF6-30BF-4CE1-9D50-E84EFEB9640D}.Release|x86.Deploy.0 = Release|Any CPU
		{977FA3B6-3B51-4E8C-A093-AC179A0ACD8C}.Ad-Hoc|Any CPU.ActiveCfg = Ad-Hoc|iPhone
		{977FA3B6-3B51-4E8C-A093-AC179A0ACD8C}.Ad-Hoc|ARM.ActiveCfg = Ad-Hoc|iPhone
		{977FA3B6-3B51-4E8C-A093-AC179A0ACD8C}.Ad-Hoc|iPhone.ActiveCfg = Ad-Hoc|iPhone
		{977FA3B6-3B51-4E8C-A093-AC179A0ACD8C}.Ad-Hoc|iPhone.Build.0 = Ad-Hoc|iPhone
		{977FA3B6-3B51-4E8C-A093-AC179A0ACD8C}.Ad-Hoc|iPhoneSimulator.ActiveCfg = Ad-Hoc|iPhoneSimulator
		{977FA3B6-3B51-4E8C-A093-AC179A0ACD8C}.Ad-Hoc|iPhoneSimulator.Build.0 = Ad-Hoc|iPhoneSimulator
		{977FA3B6-3B51-4E8C-A093-AC179A0ACD8C}.Ad-Hoc|x64.ActiveCfg = Ad-Hoc|iPhone
		{977FA3B6-3B51-4E8C-A093-AC179A0ACD8C}.Ad-Hoc|x86.ActiveCfg = Ad-Hoc|iPhone
		{977FA3B6-3B51-4E8C-A093-AC179A0ACD8C}.AppStore|Any CPU.ActiveCfg = AppStore|iPhone
		{977FA3B6-3B51-4E8C-A093-AC179A0ACD8C}.AppStore|ARM.ActiveCfg = AppStore|iPhone
		{977FA3B6-3B51-4E8C-A093-AC179A0ACD8C}.AppStore|iPhone.ActiveCfg = AppStore|iPhone
		{977FA3B6-3B51-4E8C-A093-AC179A0ACD8C}.AppStore|iPhone.Build.0 = AppStore|iPhone
		{977FA3B6-3B51-4E8C-A093-AC179A0ACD8C}.AppStore|iPhoneSimulator.ActiveCfg = AppStore|iPhoneSimulator
		{977FA3B6-3B51-4E8C-A093-AC179A0ACD8C}.AppStore|iPhoneSimulator.Build.0 = AppStore|iPhoneSimulator
		{977FA3B6-3B51-4E8C-A093-AC179A0ACD8C}.AppStore|x64.ActiveCfg = AppStore|iPhone
		{977FA3B6-3B51-4E8C-A093-AC179A0ACD8C}.AppStore|x86.ActiveCfg = AppStore|iPhone
		{977FA3B6-3B51-4E8C-A093-AC179A0ACD8C}.Debug|Any CPU.ActiveCfg = Debug|iPhone
		{977FA3B6-3B51-4E8C-A093-AC179A0ACD8C}.Debug|ARM.ActiveCfg = Debug|iPhone
		{977FA3B6-3B51-4E8C-A093-AC179A0ACD8C}.Debug|iPhone.ActiveCfg = Debug|iPhone
		{977FA3B6-3B51-4E8C-A093-AC179A0ACD8C}.Debug|iPhone.Build.0 = Debug|iPhone
		{977FA3B6-3B51-4E8C-A093-AC179A0ACD8C}.Debug|iPhoneSimulator.ActiveCfg = Debug|iPhoneSimulator
		{977FA3B6-3B51-4E8C-A093-AC179A0ACD8C}.Debug|iPhoneSimulator.Build.0 = Debug|iPhoneSimulator
		{977FA3B6-3B51-4E8C-A093-AC179A0ACD8C}.Debug|x64.ActiveCfg = Debug|iPhone
		{977FA3B6-3B51-4E8C-A093-AC179A0ACD8C}.Debug|x86.ActiveCfg = Debug|iPhone
		{977FA3B6-3B51-4E8C-A093-AC179A0ACD8C}.Release|Any CPU.ActiveCfg = Release|iPhone
		{977FA3B6-3B51-4E8C-A093-AC179A0ACD8C}.Release|ARM.ActiveCfg = Release|iPhone
		{977FA3B6-3B51-4E8C-A093-AC179A0ACD8C}.Release|iPhone.ActiveCfg = Release|iPhone
		{977FA3B6-3B51-4E8C-A093-AC179A0ACD8C}.Release|iPhone.Build.0 = Release|iPhone
		{977FA3B6-3B51-4E8C-A093-AC179A0ACD8C}.Release|iPhoneSimulator.ActiveCfg = Release|iPhoneSimulator
		{977FA3B6-3B51-4E8C-A093-AC179A0ACD8C}.Release|iPhoneSimulator.Build.0 = Release|iPhoneSimulator
		{977FA3B6-3B51-4E8C-A093-AC179A0ACD8C}.Release|x64.ActiveCfg = Release|iPhone
		{977FA3B6-3B51-4E8C-A093-AC179A0ACD8C}.Release|x86.ActiveCfg = Release|iPhone
		{065FBFBB-FBFC-43DC-9F7F-3C91535E7803}.Ad-Hoc|Any CPU.ActiveCfg = Release|x86
		{065FBFBB-FBFC-43DC-9F7F-3C91535E7803}.Ad-Hoc|Any CPU.Build.0 = Release|x86
		{065FBFBB-FBFC-43DC-9F7F-3C91535E7803}.Ad-Hoc|Any CPU.Deploy.0 = Release|x86
		{065FBFBB-FBFC-43DC-9F7F-3C91535E7803}.Ad-Hoc|ARM.ActiveCfg = Release|ARM
		{065FBFBB-FBFC-43DC-9F7F-3C91535E7803}.Ad-Hoc|ARM.Build.0 = Release|ARM
		{065FBFBB-FBFC-43DC-9F7F-3C91535E7803}.Ad-Hoc|ARM.Deploy.0 = Release|ARM
		{065FBFBB-FBFC-43DC-9F7F-3C91535E7803}.Ad-Hoc|iPhone.ActiveCfg = Release|x86
		{065FBFBB-FBFC-43DC-9F7F-3C91535E7803}.Ad-Hoc|iPhone.Build.0 = Release|x86
		{065FBFBB-FBFC-43DC-9F7F-3C91535E7803}.Ad-Hoc|iPhone.Deploy.0 = Release|x86
		{065FBFBB-FBFC-43DC-9F7F-3C91535E7803}.Ad-Hoc|iPhoneSimulator.ActiveCfg = Release|x86
		{065FBFBB-FBFC-43DC-9F7F-3C91535E7803}.Ad-Hoc|iPhoneSimulator.Build.0 = Release|x86
		{065FBFBB-FBFC-43DC-9F7F-3C91535E7803}.Ad-Hoc|iPhoneSimulator.Deploy.0 = Release|x86
		{065FBFBB-FBFC-43DC-9F7F-3C91535E7803}.Ad-Hoc|x64.ActiveCfg = Release|x64
		{065FBFBB-FBFC-43DC-9F7F-3C91535E7803}.Ad-Hoc|x64.Build.0 = Release|x64
		{065FBFBB-FBFC-43DC-9F7F-3C91535E7803}.Ad-Hoc|x64.Deploy.0 = Release|x64
		{065FBFBB-FBFC-43DC-9F7F-3C91535E7803}.Ad-Hoc|x86.ActiveCfg = Release|x86
		{065FBFBB-FBFC-43DC-9F7F-3C91535E7803}.Ad-Hoc|x86.Build.0 = Release|x86
		{065FBFBB-FBFC-43DC-9F7F-3C91535E7803}.Ad-Hoc|x86.Deploy.0 = Release|x86
		{065FBFBB-FBFC-43DC-9F7F-3C91535E7803}.AppStore|Any CPU.ActiveCfg = Release|x86
		{065FBFBB-FBFC-43DC-9F7F-3C91535E7803}.AppStore|Any CPU.Build.0 = Release|x86
		{065FBFBB-FBFC-43DC-9F7F-3C91535E7803}.AppStore|Any CPU.Deploy.0 = Release|x86
		{065FBFBB-FBFC-43DC-9F7F-3C91535E7803}.AppStore|ARM.ActiveCfg = Release|ARM
		{065FBFBB-FBFC-43DC-9F7F-3C91535E7803}.AppStore|ARM.Build.0 = Release|ARM
		{065FBFBB-FBFC-43DC-9F7F-3C91535E7803}.AppStore|ARM.Deploy.0 = Release|ARM
		{065FBFBB-FBFC-43DC-9F7F-3C91535E7803}.AppStore|iPhone.ActiveCfg = Release|x86
		{065FBFBB-FBFC-43DC-9F7F-3C91535E7803}.AppStore|iPhone.Build.0 = Release|x86
		{065FBFBB-FBFC-43DC-9F7F-3C91535E7803}.AppStore|iPhone.Deploy.0 = Release|x86
		{065FBFBB-FBFC-43DC-9F7F-3C91535E7803}.AppStore|iPhoneSimulator.ActiveCfg = Release|x86
		{065FBFBB-FBFC-43DC-9F7F-3C91535E7803}.AppStore|iPhoneSimulator.Build.0 = Release|x86
		{065FBFBB-FBFC-43DC-9F7F-3C91535E7803}.AppStore|iPhoneSimulator.Deploy.0 = Release|x86
		{065FBFBB-FBFC-43DC-9F7F-3C91535E7803}.AppStore|x64.ActiveCfg = Release|x64
		{065FBFBB-FBFC-43DC-9F7F-3C91535E7803}.AppStore|x64.Build.0 = Release|x64
		{065FBFBB-FBFC-43DC-9F7F-3C91535E7803}.AppStore|x64.Deploy.0 = Release|x64
		{065FBFBB-FBFC-43DC-9F7F-3C91535E7803}.AppStore|x86.ActiveCfg = Release|x86
		{065FBFBB-FBFC-43DC-9F7F-3C91535E7803}.AppStore|x86.Build.0 = Release|x86
		{065FBFBB-FBFC-43DC-9F7F-3C91535E7803}.AppStore|x86.Deploy.0 = Release|x86
		{065FBFBB-FBFC-43DC-9F7F-3C91535E7803}.Debug|Any CPU.ActiveCfg = Debug|x86
		{065FBFBB-FBFC-43DC-9F7F-3C91535E7803}.Debug|ARM.ActiveCfg = Debug|ARM
		{065FBFBB-FBFC-43DC-9F7F-3C91535E7803}.Debug|ARM.Build.0 = Debug|ARM
		{065FBFBB-FBFC-43DC-9F7F-3C91535E7803}.Debug|ARM.Deploy.0 = Debug|ARM
		{065FBFBB-FBFC-43DC-9F7F-3C91535E7803}.Debug|iPhone.ActiveCfg = Debug|x86
		{065FBFBB-FBFC-43DC-9F7F-3C91535E7803}.Debug|iPhoneSimulator.ActiveCfg = Debug|x86
		{065FBFBB-FBFC-43DC-9F7F-3C91535E7803}.Debug|x64.ActiveCfg = Debug|x64
		{065FBFBB-FBFC-43DC-9F7F-3C91535E7803}.Debug|x64.Build.0 = Debug|x64
		{065FBFBB-FBFC-43DC-9F7F-3C91535E7803}.Debug|x64.Deploy.0 = Debug|x64
		{065FBFBB-FBFC-43DC-9F7F-3C91535E7803}.Debug|x86.ActiveCfg = Debug|x86
		{065FBFBB-FBFC-43DC-9F7F-3C91535E7803}.Debug|x86.Build.0 = Debug|x86
		{065FBFBB-FBFC-43DC-9F7F-3C91535E7803}.Debug|x86.Deploy.0 = Debug|x86
		{065FBFBB-FBFC-43DC-9F7F-3C91535E7803}.Release|Any CPU.ActiveCfg = Release|x86
		{065FBFBB-FBFC-43DC-9F7F-3C91535E7803}.Release|ARM.ActiveCfg = Release|ARM
		{065FBFBB-FBFC-43DC-9F7F-3C91535E7803}.Release|ARM.Build.0 = Release|ARM
		{065FBFBB-FBFC-43DC-9F7F-3C91535E7803}.Release|ARM.Deploy.0 = Release|ARM
		{065FBFBB-FBFC-43DC-9F7F-3C91535E7803}.Release|iPhone.ActiveCfg = Release|x86
		{065FBFBB-FBFC-43DC-9F7F-3C91535E7803}.Release|iPhoneSimulator.ActiveCfg = Release|x86
		{065FBFBB-FBFC-43DC-9F7F-3C91535E7803}.Release|x64.ActiveCfg = Release|x64
		{065FBFBB-FBFC-43DC-9F7F-3C91535E7803}.Release|x64.Build.0 = Release|x64
		{065FBFBB-FBFC-43DC-9F7F-3C91535E7803}.Release|x64.Deploy.0 = Release|x64
		{065FBFBB-FBFC-43DC-9F7F-3C91535E7803}.Release|x86.ActiveCfg = Release|x86
		{065FBFBB-FBFC-43DC-9F7F-3C91535E7803}.Release|x86.Build.0 = Release|x86
		{065FBFBB-FBFC-43DC-9F7F-3C91535E7803}.Release|x86.Deploy.0 = Release|x86
		{F470C237-F4D3-4F7C-BF50-E92B3242B329}.Ad-Hoc|Any CPU.ActiveCfg = Debug|Any CPU
		{F470C237-F4D3-4F7C-BF50-E92B3242B329}.Ad-Hoc|Any CPU.Build.0 = Debug|Any CPU
		{F470C237-F4D3-4F7C-BF50-E92B3242B329}.Ad-Hoc|ARM.ActiveCfg = Debug|Any CPU
		{F470C237-F4D3-4F7C-BF50-E92B3242B329}.Ad-Hoc|ARM.Build.0 = Debug|Any CPU
		{F470C237-F4D3-4F7C-BF50-E92B3242B329}.Ad-Hoc|iPhone.ActiveCfg = Debug|Any CPU
		{F470C237-F4D3-4F7C-BF50-E92B3242B329}.Ad-Hoc|iPhone.Build.0 = Debug|Any CPU
		{F470C237-F4D3-4F7C-BF50-E92B3242B329}.Ad-Hoc|iPhoneSimulator.ActiveCfg = Debug|Any CPU
		{F470C237-F4D3-4F7C-BF50-E92B3242B329}.Ad-Hoc|iPhoneSimulator.Build.0 = Debug|Any CPU
		{F470C237-F4D3-4F7C-BF50-E92B3242B329}.Ad-Hoc|x64.ActiveCfg = Debug|Any CPU
		{F470C237-F4D3-4F7C-BF50-E92B3242B329}.Ad-Hoc|x64.Build.0 = Debug|Any CPU
		{F470C237-F4D3-4F7C-BF50-E92B3242B329}.Ad-Hoc|x86.ActiveCfg = Debug|Any CPU
		{F470C237-F4D3-4F7C-BF50-E92B3242B329}.Ad-Hoc|x86.Build.0 = Debug|Any CPU
		{F470C237-F4D3-4F7C-BF50-E92B3242B329}.AppStore|Any CPU.ActiveCfg = Debug|Any CPU
		{F470C237-F4D3-4F7C-BF50-E92B3242B329}.AppStore|Any CPU.Build.0 = Debug|Any CPU
		{F470C237-F4D3-4F7C-BF50-E92B3242B329}.AppStore|ARM.ActiveCfg = Debug|Any CPU
		{F470C237-F4D3-4F7C-BF50-E92B3242B329}.AppStore|ARM.Build.0 = Debug|Any CPU
		{F470C237-F4D3-4F7C-BF50-E92B3242B329}.AppStore|iPhone.ActiveCfg = Debug|Any CPU
		{F470C237-F4D3-4F7C-BF50-E92B3242B329}.AppStore|iPhone.Build.0 = Debug|Any CPU
		{F470C237-F4D3-4F7C-BF50-E92B3242B329}.AppStore|iPhoneSimulator.ActiveCfg = Debug|Any CPU
		{F470C237-F4D3-4F7C-BF50-E92B3242B329}.AppStore|iPhoneSimulator.Build.0 = Debug|Any CPU
		{F470C237-F4D3-4F7C-BF50-E92B3242B329}.AppStore|x64.ActiveCfg = Debug|Any CPU
		{F470C237-F4D3-4F7C-BF50-E92B3242B329}.AppStore|x64.Build.0 = Debug|Any CPU
		{F470C237-F4D3-4F7C-BF50-E92B3242B329}.AppStore|x86.ActiveCfg = Debug|Any CPU
		{F470C237-F4D3-4F7C-BF50-E92B3242B329}.AppStore|x86.Build.0 = Debug|Any CPU
		{F470C237-F4D3-4F7C-BF50-E92B3242B329}.Debug|Any CPU.ActiveCfg = Debug|Any CPU
		{F470C237-F4D3-4F7C-BF50-E92B3242B329}.Debug|Any CPU.Build.0 = Debug|Any CPU
		{F470C237-F4D3-4F7C-BF50-E92B3242B329}.Debug|ARM.ActiveCfg = Debug|Any CPU
		{F470C237-F4D3-4F7C-BF50-E92B3242B329}.Debug|ARM.Build.0 = Debug|Any CPU
		{F470C237-F4D3-4F7C-BF50-E92B3242B329}.Debug|iPhone.ActiveCfg = Debug|Any CPU
		{F470C237-F4D3-4F7C-BF50-E92B3242B329}.Debug|iPhone.Build.0 = Debug|Any CPU
		{F470C237-F4D3-4F7C-BF50-E92B3242B329}.Debug|iPhoneSimulator.ActiveCfg = Debug|Any CPU
		{F470C237-F4D3-4F7C-BF50-E92B3242B329}.Debug|iPhoneSimulator.Build.0 = Debug|Any CPU
		{F470C237-F4D3-4F7C-BF50-E92B3242B329}.Debug|x64.ActiveCfg = Debug|Any CPU
		{F470C237-F4D3-4F7C-BF50-E92B3242B329}.Debug|x64.Build.0 = Debug|Any CPU
		{F470C237-F4D3-4F7C-BF50-E92B3242B329}.Debug|x86.ActiveCfg = Debug|Any CPU
		{F470C237-F4D3-4F7C-BF50-E92B3242B329}.Debug|x86.Build.0 = Debug|Any CPU
		{F470C237-F4D3-4F7C-BF50-E92B3242B329}.Release|Any CPU.ActiveCfg = Release|Any CPU
		{F470C237-F4D3-4F7C-BF50-E92B3242B329}.Release|Any CPU.Build.0 = Release|Any CPU
		{F470C237-F4D3-4F7C-BF50-E92B3242B329}.Release|ARM.ActiveCfg = Release|Any CPU
		{F470C237-F4D3-4F7C-BF50-E92B3242B329}.Release|ARM.Build.0 = Release|Any CPU
		{F470C237-F4D3-4F7C-BF50-E92B3242B329}.Release|iPhone.ActiveCfg = Release|Any CPU
		{F470C237-F4D3-4F7C-BF50-E92B3242B329}.Release|iPhone.Build.0 = Release|Any CPU
		{F470C237-F4D3-4F7C-BF50-E92B3242B329}.Release|iPhoneSimulator.ActiveCfg = Release|Any CPU
		{F470C237-F4D3-4F7C-BF50-E92B3242B329}.Release|iPhoneSimulator.Build.0 = Release|Any CPU
		{F470C237-F4D3-4F7C-BF50-E92B3242B329}.Release|x64.ActiveCfg = Release|Any CPU
		{F470C237-F4D3-4F7C-BF50-E92B3242B329}.Release|x64.Build.0 = Release|Any CPU
		{F470C237-F4D3-4F7C-BF50-E92B3242B329}.Release|x86.ActiveCfg = Release|Any CPU
		{F470C237-F4D3-4F7C-BF50-E92B3242B329}.Release|x86.Build.0 = Release|Any CPU
	EndGlobalSection
	GlobalSection(SolutionProperties) = preSolution
		HideSolutionNode = FALSE
	EndGlobalSection
	GlobalSection(ExtensibilityGlobals) = postSolution
		SolutionGuid = {A9F98805-89C7-42CC-AE34-FDF6A62E519A}
	EndGlobalSection
EndGlobal
